
Microsoft Visual Studio Solution File, Format Version 12.00
# Visual Studio Version 17
VisualStudioVersion = 17.5.002.0
MinimumVisualStudioVersion = 10.0.40219.1
Project("{9A19103F-16F7-4668-BE54-9A1E7A4F7556}") = "AzureCIFlow.Web", "AzureCIFlow.Web.csproj", "{A9358A04-82CD-4FEE-85FB-C9EC58862427}"
EndProject
Global
	GlobalSection(SolutionConfigurationPlatforms) = preSolution
		Debug|Any CPU = Debug|Any CPU
		Release|Any CPU = Release|Any CPU
	EndGlobalSection
	GlobalSection(ProjectConfigurationPlatforms) = postSolution
		{A9358A04-82CD-4FEE-85FB-C9EC58862427}.Debug|Any CPU.ActiveCfg = Debug|Any CPU
		{A9358A04-82CD-4FEE-85FB-C9EC58862427}.Debug|Any CPU.Build.0 = Debug|Any CPU
		{A9358A04-82CD-4FEE-85FB-C9EC58862427}.Release|Any CPU.ActiveCfg = Release|Any CPU
		{A9358A04-82CD-4FEE-85FB-C9EC58862427}.Release|Any CPU.Build.0 = Release|Any CPU
	EndGlobalSection
	GlobalSection(SolutionProperties) = preSolution
		HideSolutionNode = FALSE
	EndGlobalSection
	GlobalSection(ExtensibilityGlobals) = postSolution
		SolutionGuid = {DB305903-0D6E-4C1B-B665-C9CBCD1CF9EB}
	EndGlobalSection
EndGlobal
